
Microsoft Visual Studio Solution File, Format Version 12.00
# Visual Studio Version 17
VisualStudioVersion = 17.10.35004.147
MinimumVisualStudioVersion = 10.0.40219.1
Project("{FAE04EC0-301F-11D3-BF4B-00C04F79EFBC}") = "laba2-1(variant-4)", "laba2-1(variant-4)\laba2-1(variant-4).csproj", "{3B53503E-AEE8-461C-B3A6-403D0C8B72D1}"
EndProject
Global
	GlobalSection(SolutionConfigurationPlatforms) = preSolution
		Debug|Any CPU = Debug|Any CPU
		Release|Any CPU = Release|Any CPU
	EndGlobalSection
	GlobalSection(ProjectConfigurationPlatforms) = postSolution
		{3B53503E-AEE8-461C-B3A6-403D0C8B72D1}.Debug|Any CPU.ActiveCfg = Debug|Any CPU
		{3B53503E-AEE8-461C-B3A6-403D0C8B72D1}.Debug|Any CPU.Build.0 = Debug|Any CPU
		{3B53503E-AEE8-461C-B3A6-403D0C8B72D1}.Release|Any CPU.ActiveCfg = Release|Any CPU
		{3B53503E-AEE8-461C-B3A6-403D0C8B72D1}.Release|Any CPU.Build.0 = Release|Any CPU
	EndGlobalSection
	GlobalSection(SolutionProperties) = preSolution
		HideSolutionNode = FALSE
	EndGlobalSection
	GlobalSection(ExtensibilityGlobals) = postSolution
		SolutionGuid = {90BFC9AA-2889-4012-92F9-64E5AC79232F}
	EndGlobalSection
EndGlobal
